{
    "version": 3,
    "terraform_version": "0.11.11",
    "serial": 72,
    "lineage": "cd5ddc23-8b97-4e2f-f6ad-c1a1a8233a53",
    "modules": [
        {
            "path": [
                "root"
            ],
            "outputs": {},
            "resources": {
                "null_resource.provision_docker-master": {
                    "type": "null_resource",
                    "depends_on": [
                        "openstack_compute_floatingip_associate_v2.floatip_2",
                        "openstack_networking_floatingip_v2.floatip_2"
                    ],
                    "primary": {
                        "id": "8101503019787124660",
                        "attributes": {
                            "id": "8101503019787124660"
                        },
                        "meta": {},
                        "tainted": false
                    },
                    "deposed": [],
                    "provider": "provider.null"
                },
                "null_resource.provision_docker-slave01": {
                    "type": "null_resource",
                    "depends_on": [
                        "openstack_compute_floatingip_associate_v2.floatip_1",
                        "openstack_networking_floatingip_v2.floatip_1"
                    ],
                    "primary": {
                        "id": "97286983305267279",
                        "attributes": {
                            "id": "97286983305267279"
                        },
                        "meta": {},
                        "tainted": false
                    },
                    "deposed": [],
                    "provider": "provider.null"
                },
                "openstack_compute_floatingip_associate_v2.floatip_1": {
                    "type": "openstack_compute_floatingip_associate_v2",
                    "depends_on": [
                        "openstack_compute_instance_v2.docker-slave01",
                        "openstack_networking_floatingip_v2.floatip_1"
                    ],
                    "primary": {
                        "id": "192.168.178.21/cc645cc7-f245-43de-862f-9d45a61783bb/",
                        "attributes": {
                            "fixed_ip": "",
                            "floating_ip": "192.168.178.21",
                            "id": "192.168.178.21/cc645cc7-f245-43de-862f-9d45a61783bb/",
                            "instance_id": "cc645cc7-f245-43de-862f-9d45a61783bb",
                            "region": "RegionOne"
                        },
                        "meta": {
                            "e2bfb730-ecaa-11e6-8f88-34363bc7c4c0": {
                                "create": 600000000000
                            }
                        },
                        "tainted": false
                    },
                    "deposed": [],
                    "provider": "provider.openstack"
                },
                "openstack_compute_floatingip_associate_v2.floatip_2": {
                    "type": "openstack_compute_floatingip_associate_v2",
                    "depends_on": [
                        "openstack_compute_instance_v2.docker-master",
                        "openstack_networking_floatingip_v2.floatip_2"
                    ],
                    "primary": {
                        "id": "192.168.178.15/c7e0906a-850d-4170-bfe5-df818717fd11/",
                        "attributes": {
                            "fixed_ip": "",
                            "floating_ip": "192.168.178.15",
                            "id": "192.168.178.15/c7e0906a-850d-4170-bfe5-df818717fd11/",
                            "instance_id": "c7e0906a-850d-4170-bfe5-df818717fd11",
                            "region": "RegionOne"
                        },
                        "meta": {
                            "e2bfb730-ecaa-11e6-8f88-34363bc7c4c0": {
                                "create": 600000000000
                            }
                        },
                        "tainted": false
                    },
                    "deposed": [],
                    "provider": "provider.openstack"
                },
                "openstack_compute_instance_v2.docker-master": {
                    "type": "openstack_compute_instance_v2",
                    "depends_on": [],
                    "primary": {
                        "id": "c7e0906a-850d-4170-bfe5-df818717fd11",
                        "attributes": {
                            "access_ip_v4": "10.0.0.58",
                            "access_ip_v6": "[fd29:a2df:5ac6:0:f816:3eff:fe61:33cf]",
                            "all_metadata.%": "0",
                            "availability_zone": "nova",
                            "flavor_id": "d2",
                            "flavor_name": "ds1G",
                            "force_delete": "false",
                            "id": "c7e0906a-850d-4170-bfe5-df818717fd11",
                            "image_id": "1ec1d0dd-dbf1-41ff-96b0-3472bc6152e7",
                            "image_name": "centos",
                            "key_pair": "linius-openstack",
                            "name": "docker-master",
                            "network.#": "1",
                            "network.0.access_network": "false",
                            "network.0.fixed_ip_v4": "10.0.0.58",
                            "network.0.fixed_ip_v6": "[fd29:a2df:5ac6:0:f816:3eff:fe61:33cf]",
                            "network.0.floating_ip": "",
                            "network.0.mac": "fa:16:3e:61:33:cf",
                            "network.0.name": "private",
                            "network.0.port": "",
                            "network.0.uuid": "410ca477-2930-4234-9ac7-fb9e93b01c76",
                            "power_state": "active",
                            "region": "RegionOne",
                            "security_groups.#": "1",
                            "security_groups.3814588639": "default",
                            "stop_before_destroy": "false"
                        },
                        "meta": {
                            "e2bfb730-ecaa-11e6-8f88-34363bc7c4c0": {
                                "create": 1800000000000,
                                "delete": 1800000000000,
                                "update": 1800000000000
                            }
                        },
                        "tainted": false
                    },
                    "deposed": [],
                    "provider": "provider.openstack"
                },
                "openstack_compute_instance_v2.docker-slave01": {
                    "type": "openstack_compute_instance_v2",
                    "depends_on": [],
                    "primary": {
                        "id": "cc645cc7-f245-43de-862f-9d45a61783bb",
                        "attributes": {
                            "access_ip_v4": "10.0.0.43",
                            "access_ip_v6": "[fd29:a2df:5ac6:0:f816:3eff:fe40:4c9f]",
                            "all_metadata.%": "0",
                            "availability_zone": "nova",
                            "flavor_id": "d2",
                            "flavor_name": "ds1G",
                            "force_delete": "false",
                            "id": "cc645cc7-f245-43de-862f-9d45a61783bb",
                            "image_id": "1ec1d0dd-dbf1-41ff-96b0-3472bc6152e7",
                            "image_name": "centos",
                            "key_pair": "linius-openstack",
                            "name": "docker-slave01",
                            "network.#": "1",
                            "network.0.access_network": "false",
                            "network.0.fixed_ip_v4": "10.0.0.43",
                            "network.0.fixed_ip_v6": "[fd29:a2df:5ac6:0:f816:3eff:fe40:4c9f]",
                            "network.0.floating_ip": "",
                            "network.0.mac": "fa:16:3e:40:4c:9f",
                            "network.0.name": "private",
                            "network.0.port": "",
                            "network.0.uuid": "410ca477-2930-4234-9ac7-fb9e93b01c76",
                            "power_state": "active",
                            "region": "RegionOne",
                            "security_groups.#": "1",
                            "security_groups.3814588639": "default",
                            "stop_before_destroy": "false"
                        },
                        "meta": {
                            "e2bfb730-ecaa-11e6-8f88-34363bc7c4c0": {
                                "create": 1800000000000,
                                "delete": 1800000000000,
                                "update": 1800000000000
                            }
                        },
                        "tainted": false
                    },
                    "deposed": [],
                    "provider": "provider.openstack"
                },
                "openstack_networking_floatingip_v2.floatip_1": {
                    "type": "openstack_networking_floatingip_v2",
                    "depends_on": [],
                    "primary": {
                        "id": "6ea06638-341e-4e76-957d-14c01452ad47",
                        "attributes": {
                            "address": "192.168.178.21",
                            "all_tags.#": "0",
                            "description": "",
                            "fixed_ip": "10.0.0.43",
                            "id": "6ea06638-341e-4e76-957d-14c01452ad47",
                            "pool": "public",
                            "port_id": "e4f8dcfb-2105-4b03-ac75-c6ce407e2388",
                            "region": "RegionOne",
                            "tags.#": "0",
                            "tenant_id": "dc6b2221790e435eab805521c95219ab"
                        },
                        "meta": {
                            "e2bfb730-ecaa-11e6-8f88-34363bc7c4c0": {
                                "create": 600000000000,
                                "delete": 600000000000
                            }
                        },
                        "tainted": false
                    },
                    "deposed": [],
                    "provider": "provider.openstack"
                },
                "openstack_networking_floatingip_v2.floatip_2": {
                    "type": "openstack_networking_floatingip_v2",
                    "depends_on": [],
                    "primary": {
                        "id": "d2140dd1-5458-481a-8b80-abf178fb866c",
                        "attributes": {
                            "address": "192.168.178.15",
                            "all_tags.#": "0",
                            "description": "",
                            "fixed_ip": "10.0.0.58",
                            "id": "d2140dd1-5458-481a-8b80-abf178fb866c",
                            "pool": "public",
                            "port_id": "c29a87da-e603-4ea6-939b-71398c4ab1d5",
                            "region": "RegionOne",
                            "tags.#": "0",
                            "tenant_id": "dc6b2221790e435eab805521c95219ab"
                        },
                        "meta": {
                            "e2bfb730-ecaa-11e6-8f88-34363bc7c4c0": {
                                "create": 600000000000,
                                "delete": 600000000000
                            }
                        },
                        "tainted": false
                    },
                    "deposed": [],
                    "provider": "provider.openstack"
                }
            },
            "depends_on": []
        }
    ]
}
