{
    "version": 3,
    "terraform_version": "0.11.11",
    "serial": 88,
    "lineage": "cd5ddc23-8b97-4e2f-f6ad-c1a1a8233a53",
    "modules": [
        {
            "path": [
                "root"
            ],
            "outputs": {},
            "resources": {
                "null_resource.provision_docker-slave01": {
                    "type": "null_resource",
                    "depends_on": [
                        "openstack_networking_floatingip_v2.floatip_1"
                    ],
                    "primary": {
                        "id": "124903517124521725",
                        "attributes": {
                            "id": "124903517124521725"
                        },
                        "meta": {},
                        "tainted": true
                    },
                    "deposed": [],
                    "provider": "provider.null"
                },
                "openstack_compute_instance_v2.docker-master": {
                    "type": "openstack_compute_instance_v2",
                    "depends_on": [],
                    "primary": {
                        "id": "2ca4f48e-e491-41ba-bec1-0841cacb0c8b",
                        "attributes": {
                            "flavor_name": "ds1G",
                            "force_delete": "false",
                            "id": "2ca4f48e-e491-41ba-bec1-0841cacb0c8b",
                            "image_name": "centos",
                            "key_pair": "linius-openstack",
                            "name": "docker-master",
                            "network.#": "1",
                            "network.0.access_network": "false",
                            "network.0.fixed_ip_v4": "",
                            "network.0.fixed_ip_v6": "",
                            "network.0.floating_ip": "",
                            "network.0.mac": "",
                            "network.0.name": "private",
                            "network.0.port": "",
                            "network.0.uuid": "",
                            "power_state": "active",
                            "security_groups.#": "1",
                            "security_groups.3814588639": "default",
                            "stop_before_destroy": "false"
                        },
                        "meta": {
                            "e2bfb730-ecaa-11e6-8f88-34363bc7c4c0": {
                                "create": 1800000000000,
                                "delete": 1800000000000,
                                "update": 1800000000000
                            }
                        },
                        "tainted": false
                    },
                    "deposed": [],
                    "provider": "provider.openstack"
                },
                "openstack_compute_instance_v2.docker-slave01": {
                    "type": "openstack_compute_instance_v2",
                    "depends_on": [],
                    "primary": {
                        "id": "6336b68c-a979-4ce4-abb8-6b514da8e0b4",
                        "attributes": {
                            "flavor_name": "ds1G",
                            "force_delete": "false",
                            "id": "6336b68c-a979-4ce4-abb8-6b514da8e0b4",
                            "image_name": "centos",
                            "key_pair": "linius-openstack",
                            "name": "docker-slave01",
                            "network.#": "1",
                            "network.0.access_network": "false",
                            "network.0.fixed_ip_v4": "",
                            "network.0.fixed_ip_v6": "",
                            "network.0.floating_ip": "",
                            "network.0.mac": "",
                            "network.0.name": "private",
                            "network.0.port": "",
                            "network.0.uuid": "",
                            "power_state": "active",
                            "security_groups.#": "1",
                            "security_groups.3814588639": "default",
                            "stop_before_destroy": "false"
                        },
                        "meta": {
                            "e2bfb730-ecaa-11e6-8f88-34363bc7c4c0": {
                                "create": 1800000000000,
                                "delete": 1800000000000,
                                "update": 1800000000000
                            }
                        },
                        "tainted": false
                    },
                    "deposed": [],
                    "provider": "provider.openstack"
                },
                "openstack_networking_floatingip_v2.floatip_1": {
                    "type": "openstack_networking_floatingip_v2",
                    "depends_on": [],
                    "primary": {
                        "id": "3c74d548-ff44-4c50-8c55-73a46b58a051",
                        "attributes": {
                            "address": "192.168.178.26",
                            "all_tags.#": "0",
                            "description": "",
                            "fixed_ip": "",
                            "id": "3c74d548-ff44-4c50-8c55-73a46b58a051",
                            "pool": "public",
                            "port_id": "",
                            "region": "RegionOne",
                            "tags.#": "0",
                            "tenant_id": "eb99cb15245147b7a1c9d2e1a53f9b9e"
                        },
                        "meta": {
                            "e2bfb730-ecaa-11e6-8f88-34363bc7c4c0": {
                                "create": 600000000000,
                                "delete": 600000000000
                            }
                        },
                        "tainted": false
                    },
                    "deposed": [],
                    "provider": "provider.openstack"
                },
                "openstack_networking_floatingip_v2.floatip_2": {
                    "type": "openstack_networking_floatingip_v2",
                    "depends_on": [],
                    "primary": {
                        "id": "d58ca3cc-10ed-4e86-b737-8fcffa72bd34",
                        "attributes": {
                            "address": "192.168.178.15",
                            "all_tags.#": "0",
                            "description": "",
                            "fixed_ip": "",
                            "id": "d58ca3cc-10ed-4e86-b737-8fcffa72bd34",
                            "pool": "public",
                            "port_id": "",
                            "region": "RegionOne",
                            "tags.#": "0",
                            "tenant_id": "eb99cb15245147b7a1c9d2e1a53f9b9e"
                        },
                        "meta": {
                            "e2bfb730-ecaa-11e6-8f88-34363bc7c4c0": {
                                "create": 600000000000,
                                "delete": 600000000000
                            }
                        },
                        "tainted": false
                    },
                    "deposed": [],
                    "provider": "provider.openstack"
                },
                "openstack_networking_floatingip_v2.floatip_3": {
                    "type": "openstack_networking_floatingip_v2",
                    "depends_on": [],
                    "primary": {
                        "id": "37264905-5bcf-4cf9-b41e-f42838601f4e",
                        "attributes": {
                            "address": "192.168.178.24",
                            "all_tags.#": "0",
                            "description": "",
                            "fixed_ip": "",
                            "id": "37264905-5bcf-4cf9-b41e-f42838601f4e",
                            "pool": "public",
                            "port_id": "",
                            "region": "RegionOne",
                            "tags.#": "0",
                            "tenant_id": "eb99cb15245147b7a1c9d2e1a53f9b9e"
                        },
                        "meta": {
                            "e2bfb730-ecaa-11e6-8f88-34363bc7c4c0": {
                                "create": 600000000000,
                                "delete": 600000000000
                            }
                        },
                        "tainted": false
                    },
                    "deposed": [],
                    "provider": "provider.openstack"
                }
            },
            "depends_on": []
        }
    ]
}
