{
    "version": 3,
    "terraform_version": "0.11.13",
    "serial": 17,
    "lineage": "de8228fe-0362-b6c6-abb1-0bc1ff7936eb",
    "modules": [
        {
            "path": [
                "root"
            ],
            "outputs": {},
            "resources": {
                "null_resource.provision_docker-master": {
                    "type": "null_resource",
                    "depends_on": [
                        "openstack_compute_floatingip_associate_v2.floatip_2",
                        "openstack_networking_floatingip_v2.floatip_2"
                    ],
                    "primary": {
                        "id": "1676385025677947974",
                        "attributes": {
                            "id": "1676385025677947974"
                        },
                        "meta": {},
                        "tainted": false
                    },
                    "deposed": [],
                    "provider": "provider.null"
                },
                "null_resource.provision_docker-slave01": {
                    "type": "null_resource",
                    "depends_on": [
                        "openstack_networking_floatingip_v2.floatip_1"
                    ],
                    "primary": {
                        "id": "9172222589093837396",
                        "attributes": {
                            "id": "9172222589093837396"
                        },
                        "meta": {},
                        "tainted": false
                    },
                    "deposed": [],
                    "provider": "provider.null"
                },
                "openstack_compute_floatingip_associate_v2.floatip_1": {
                    "type": "openstack_compute_floatingip_associate_v2",
                    "depends_on": [
                        "openstack_compute_instance_v2.docker-slave01",
                        "openstack_networking_floatingip_v2.floatip_1"
                    ],
                    "primary": {
                        "id": "192.168.178.10/2e003b57-db24-48f0-9b78-6381ebfd75d5/",
                        "attributes": {
                            "fixed_ip": "",
                            "floating_ip": "192.168.178.10",
                            "id": "192.168.178.10/2e003b57-db24-48f0-9b78-6381ebfd75d5/",
                            "instance_id": "2e003b57-db24-48f0-9b78-6381ebfd75d5",
                            "region": "RegionOne"
                        },
                        "meta": {
                            "e2bfb730-ecaa-11e6-8f88-34363bc7c4c0": {
                                "create": 600000000000
                            }
                        },
                        "tainted": false
                    },
                    "deposed": [],
                    "provider": "provider.openstack"
                },
                "openstack_compute_floatingip_associate_v2.floatip_2": {
                    "type": "openstack_compute_floatingip_associate_v2",
                    "depends_on": [
                        "openstack_compute_instance_v2.docker-master",
                        "openstack_networking_floatingip_v2.floatip_2"
                    ],
                    "primary": {
                        "id": "192.168.178.16/5df71ebc-a73c-4ae6-b865-d00af3e91f00/",
                        "attributes": {
                            "fixed_ip": "",
                            "floating_ip": "192.168.178.16",
                            "id": "192.168.178.16/5df71ebc-a73c-4ae6-b865-d00af3e91f00/",
                            "instance_id": "5df71ebc-a73c-4ae6-b865-d00af3e91f00",
                            "region": "RegionOne"
                        },
                        "meta": {
                            "e2bfb730-ecaa-11e6-8f88-34363bc7c4c0": {
                                "create": 600000000000
                            }
                        },
                        "tainted": false
                    },
                    "deposed": [],
                    "provider": "provider.openstack"
                },
                "openstack_compute_instance_v2.docker-master": {
                    "type": "openstack_compute_instance_v2",
                    "depends_on": [],
                    "primary": {
                        "id": "5df71ebc-a73c-4ae6-b865-d00af3e91f00",
                        "attributes": {
                            "access_ip_v4": "10.0.0.40",
                            "access_ip_v6": "[fdd4:f085:40d0:0:f816:3eff:fea8:85b6]",
                            "all_metadata.%": "0",
                            "availability_zone": "nova",
                            "flavor_id": "d2",
                            "flavor_name": "ds1G",
                            "force_delete": "false",
                            "id": "5df71ebc-a73c-4ae6-b865-d00af3e91f00",
                            "image_id": "30ce67ae-cd3b-4e05-96eb-31c97b737f68",
                            "image_name": "centos",
                            "key_pair": "linius-openstack",
                            "name": "docker-master",
                            "network.#": "1",
                            "network.0.access_network": "false",
                            "network.0.fixed_ip_v4": "10.0.0.40",
                            "network.0.fixed_ip_v6": "[fdd4:f085:40d0:0:f816:3eff:fea8:85b6]",
                            "network.0.floating_ip": "",
                            "network.0.mac": "fa:16:3e:a8:85:b6",
                            "network.0.name": "private",
                            "network.0.port": "",
                            "network.0.uuid": "8dfb3a4c-bc96-4e34-b3a6-5940372340f5",
                            "power_state": "active",
                            "region": "RegionOne",
                            "security_groups.#": "1",
                            "security_groups.3814588639": "default",
                            "stop_before_destroy": "false"
                        },
                        "meta": {
                            "e2bfb730-ecaa-11e6-8f88-34363bc7c4c0": {
                                "create": 1800000000000,
                                "delete": 1800000000000,
                                "update": 1800000000000
                            }
                        },
                        "tainted": false
                    },
                    "deposed": [],
                    "provider": "provider.openstack"
                },
                "openstack_compute_instance_v2.docker-slave01": {
                    "type": "openstack_compute_instance_v2",
                    "depends_on": [],
                    "primary": {
                        "id": "2e003b57-db24-48f0-9b78-6381ebfd75d5",
                        "attributes": {
                            "access_ip_v4": "10.0.0.8",
                            "access_ip_v6": "[fdd4:f085:40d0:0:f816:3eff:fe34:bc5f]",
                            "all_metadata.%": "0",
                            "availability_zone": "nova",
                            "flavor_id": "d2",
                            "flavor_name": "ds1G",
                            "force_delete": "false",
                            "id": "2e003b57-db24-48f0-9b78-6381ebfd75d5",
                            "image_id": "30ce67ae-cd3b-4e05-96eb-31c97b737f68",
                            "image_name": "centos",
                            "key_pair": "linius-openstack",
                            "name": "docker-slave01",
                            "network.#": "1",
                            "network.0.access_network": "false",
                            "network.0.fixed_ip_v4": "10.0.0.8",
                            "network.0.fixed_ip_v6": "[fdd4:f085:40d0:0:f816:3eff:fe34:bc5f]",
                            "network.0.floating_ip": "",
                            "network.0.mac": "fa:16:3e:34:bc:5f",
                            "network.0.name": "private",
                            "network.0.port": "",
                            "network.0.uuid": "8dfb3a4c-bc96-4e34-b3a6-5940372340f5",
                            "power_state": "active",
                            "region": "RegionOne",
                            "security_groups.#": "1",
                            "security_groups.3814588639": "default",
                            "stop_before_destroy": "false"
                        },
                        "meta": {
                            "e2bfb730-ecaa-11e6-8f88-34363bc7c4c0": {
                                "create": 1800000000000,
                                "delete": 1800000000000,
                                "update": 1800000000000
                            }
                        },
                        "tainted": false
                    },
                    "deposed": [],
                    "provider": "provider.openstack"
                },
                "openstack_networking_floatingip_v2.floatip_1": {
                    "type": "openstack_networking_floatingip_v2",
                    "depends_on": [],
                    "primary": {
                        "id": "7d548655-6cac-452c-87ee-75d42af6b91e",
                        "attributes": {
                            "address": "192.168.178.10",
                            "all_tags.#": "0",
                            "description": "",
                            "fixed_ip": "10.0.0.8",
                            "id": "7d548655-6cac-452c-87ee-75d42af6b91e",
                            "pool": "public",
                            "port_id": "16db4752-5672-4519-be8f-56dd03c2ef83",
                            "region": "RegionOne",
                            "tags.#": "0",
                            "tenant_id": "271c44ff6c20425ea1abd4deaa026c4d"
                        },
                        "meta": {
                            "e2bfb730-ecaa-11e6-8f88-34363bc7c4c0": {
                                "create": 600000000000,
                                "delete": 600000000000
                            }
                        },
                        "tainted": false
                    },
                    "deposed": [],
                    "provider": "provider.openstack"
                },
                "openstack_networking_floatingip_v2.floatip_2": {
                    "type": "openstack_networking_floatingip_v2",
                    "depends_on": [],
                    "primary": {
                        "id": "e1dc5e01-1299-4c54-ac7c-7f7515d1d427",
                        "attributes": {
                            "address": "192.168.178.16",
                            "all_tags.#": "0",
                            "description": "",
                            "fixed_ip": "10.0.0.40",
                            "id": "e1dc5e01-1299-4c54-ac7c-7f7515d1d427",
                            "pool": "public",
                            "port_id": "678a477a-d1e1-4946-b693-efbc0f6fcfc6",
                            "region": "RegionOne",
                            "tags.#": "0",
                            "tenant_id": "271c44ff6c20425ea1abd4deaa026c4d"
                        },
                        "meta": {
                            "e2bfb730-ecaa-11e6-8f88-34363bc7c4c0": {
                                "create": 600000000000,
                                "delete": 600000000000
                            }
                        },
                        "tainted": false
                    },
                    "deposed": [],
                    "provider": "provider.openstack"
                }
            },
            "depends_on": []
        }
    ]
}
