{
    "version": 3,
    "terraform_version": "0.11.11",
    "serial": 65,
    "lineage": "cd5ddc23-8b97-4e2f-f6ad-c1a1a8233a53",
    "modules": [
        {
            "path": [
                "root"
            ],
            "outputs": {},
            "resources": {
                "null_resource.provision_docker-master": {
                    "type": "null_resource",
                    "depends_on": [
                        "openstack_compute_floatingip_associate_v2.floatip_2",
                        "openstack_networking_floatingip_v2.floatip_2"
                    ],
                    "primary": {
                        "id": "2235451053630932188",
                        "attributes": {
                            "id": "2235451053630932188"
                        },
                        "meta": {},
                        "tainted": false
                    },
                    "deposed": [],
                    "provider": "provider.null"
                },
                "null_resource.provision_docker-slave01": {
                    "type": "null_resource",
                    "depends_on": [
                        "openstack_compute_floatingip_associate_v2.floatip_1",
                        "openstack_networking_floatingip_v2.floatip_1"
                    ],
                    "primary": {
                        "id": "1361220559842027071",
                        "attributes": {
                            "id": "1361220559842027071"
                        },
                        "meta": {},
                        "tainted": false
                    },
                    "deposed": [],
                    "provider": "provider.null"
                },
                "openstack_compute_floatingip_associate_v2.floatip_1": {
                    "type": "openstack_compute_floatingip_associate_v2",
                    "depends_on": [
                        "openstack_compute_instance_v2.docker-slave01",
                        "openstack_networking_floatingip_v2.floatip_1"
                    ],
                    "primary": {
                        "id": "192.168.178.14/d485f6e1-6d78-4fd3-af76-10284894030a/",
                        "attributes": {
                            "fixed_ip": "",
                            "floating_ip": "192.168.178.14",
                            "id": "192.168.178.14/d485f6e1-6d78-4fd3-af76-10284894030a/",
                            "instance_id": "d485f6e1-6d78-4fd3-af76-10284894030a",
                            "region": "RegionOne"
                        },
                        "meta": {
                            "e2bfb730-ecaa-11e6-8f88-34363bc7c4c0": {
                                "create": 600000000000
                            }
                        },
                        "tainted": false
                    },
                    "deposed": [],
                    "provider": "provider.openstack"
                },
                "openstack_compute_floatingip_associate_v2.floatip_2": {
                    "type": "openstack_compute_floatingip_associate_v2",
                    "depends_on": [
                        "openstack_compute_instance_v2.docker-master",
                        "openstack_networking_floatingip_v2.floatip_2"
                    ],
                    "primary": {
                        "id": "192.168.178.15/4be59904-16cd-4129-8f86-343dc35f2a73/",
                        "attributes": {
                            "fixed_ip": "",
                            "floating_ip": "192.168.178.15",
                            "id": "192.168.178.15/4be59904-16cd-4129-8f86-343dc35f2a73/",
                            "instance_id": "4be59904-16cd-4129-8f86-343dc35f2a73",
                            "region": "RegionOne"
                        },
                        "meta": {
                            "e2bfb730-ecaa-11e6-8f88-34363bc7c4c0": {
                                "create": 600000000000
                            }
                        },
                        "tainted": false
                    },
                    "deposed": [],
                    "provider": "provider.openstack"
                },
                "openstack_compute_instance_v2.docker-master": {
                    "type": "openstack_compute_instance_v2",
                    "depends_on": [],
                    "primary": {
                        "id": "4be59904-16cd-4129-8f86-343dc35f2a73",
                        "attributes": {
                            "access_ip_v4": "10.0.0.45",
                            "access_ip_v6": "[fd29:a2df:5ac6:0:f816:3eff:fe90:688c]",
                            "all_metadata.%": "0",
                            "availability_zone": "nova",
                            "flavor_id": "d2",
                            "flavor_name": "ds1G",
                            "force_delete": "false",
                            "id": "4be59904-16cd-4129-8f86-343dc35f2a73",
                            "image_id": "1ec1d0dd-dbf1-41ff-96b0-3472bc6152e7",
                            "image_name": "centos",
                            "key_pair": "linius-openstack",
                            "name": "docker-master",
                            "network.#": "1",
                            "network.0.access_network": "false",
                            "network.0.fixed_ip_v4": "10.0.0.45",
                            "network.0.fixed_ip_v6": "[fd29:a2df:5ac6:0:f816:3eff:fe90:688c]",
                            "network.0.floating_ip": "",
                            "network.0.mac": "fa:16:3e:90:68:8c",
                            "network.0.name": "private",
                            "network.0.port": "",
                            "network.0.uuid": "410ca477-2930-4234-9ac7-fb9e93b01c76",
                            "power_state": "active",
                            "region": "RegionOne",
                            "security_groups.#": "1",
                            "security_groups.3814588639": "default",
                            "stop_before_destroy": "false"
                        },
                        "meta": {
                            "e2bfb730-ecaa-11e6-8f88-34363bc7c4c0": {
                                "create": 1800000000000,
                                "delete": 1800000000000,
                                "update": 1800000000000
                            }
                        },
                        "tainted": false
                    },
                    "deposed": [],
                    "provider": "provider.openstack"
                },
                "openstack_compute_instance_v2.docker-slave01": {
                    "type": "openstack_compute_instance_v2",
                    "depends_on": [],
                    "primary": {
                        "id": "d485f6e1-6d78-4fd3-af76-10284894030a",
                        "attributes": {
                            "access_ip_v4": "10.0.0.34",
                            "access_ip_v6": "[fd29:a2df:5ac6:0:f816:3eff:feab:f478]",
                            "all_metadata.%": "0",
                            "availability_zone": "nova",
                            "flavor_id": "d2",
                            "flavor_name": "ds1G",
                            "force_delete": "false",
                            "id": "d485f6e1-6d78-4fd3-af76-10284894030a",
                            "image_id": "1ec1d0dd-dbf1-41ff-96b0-3472bc6152e7",
                            "image_name": "centos",
                            "key_pair": "linius-openstack",
                            "name": "docker-slave01",
                            "network.#": "1",
                            "network.0.access_network": "false",
                            "network.0.fixed_ip_v4": "10.0.0.34",
                            "network.0.fixed_ip_v6": "[fd29:a2df:5ac6:0:f816:3eff:feab:f478]",
                            "network.0.floating_ip": "",
                            "network.0.mac": "fa:16:3e:ab:f4:78",
                            "network.0.name": "private",
                            "network.0.port": "",
                            "network.0.uuid": "410ca477-2930-4234-9ac7-fb9e93b01c76",
                            "power_state": "active",
                            "region": "RegionOne",
                            "security_groups.#": "1",
                            "security_groups.3814588639": "default",
                            "stop_before_destroy": "false"
                        },
                        "meta": {
                            "e2bfb730-ecaa-11e6-8f88-34363bc7c4c0": {
                                "create": 1800000000000,
                                "delete": 1800000000000,
                                "update": 1800000000000
                            }
                        },
                        "tainted": false
                    },
                    "deposed": [],
                    "provider": "provider.openstack"
                },
                "openstack_networking_floatingip_v2.floatip_1": {
                    "type": "openstack_networking_floatingip_v2",
                    "depends_on": [],
                    "primary": {
                        "id": "a27ec45f-76d1-4d9b-a945-89c48c50f2a5",
                        "attributes": {
                            "address": "192.168.178.14",
                            "all_tags.#": "0",
                            "description": "",
                            "fixed_ip": "10.0.0.34",
                            "id": "a27ec45f-76d1-4d9b-a945-89c48c50f2a5",
                            "pool": "public",
                            "port_id": "89a9e5d0-b61a-4b81-a87f-872ed2d6f0cc",
                            "region": "RegionOne",
                            "tags.#": "0",
                            "tenant_id": "dc6b2221790e435eab805521c95219ab"
                        },
                        "meta": {
                            "e2bfb730-ecaa-11e6-8f88-34363bc7c4c0": {
                                "create": 600000000000,
                                "delete": 600000000000
                            }
                        },
                        "tainted": false
                    },
                    "deposed": [],
                    "provider": "provider.openstack"
                },
                "openstack_networking_floatingip_v2.floatip_2": {
                    "type": "openstack_networking_floatingip_v2",
                    "depends_on": [],
                    "primary": {
                        "id": "9b0f7cf1-bd9a-443f-9d3b-a2443f9f30d9",
                        "attributes": {
                            "address": "192.168.178.15",
                            "all_tags.#": "0",
                            "description": "",
                            "fixed_ip": "10.0.0.45",
                            "id": "9b0f7cf1-bd9a-443f-9d3b-a2443f9f30d9",
                            "pool": "public",
                            "port_id": "51596953-4d86-4f6f-b0f9-490204a53a8c",
                            "region": "RegionOne",
                            "tags.#": "0",
                            "tenant_id": "dc6b2221790e435eab805521c95219ab"
                        },
                        "meta": {
                            "e2bfb730-ecaa-11e6-8f88-34363bc7c4c0": {
                                "create": 600000000000,
                                "delete": 600000000000
                            }
                        },
                        "tainted": false
                    },
                    "deposed": [],
                    "provider": "provider.openstack"
                }
            },
            "depends_on": []
        }
    ]
}
