{
    "version": 3,
    "terraform_version": "0.11.2",
    "serial": 33,
    "lineage": "846a74fb-5631-4808-a8e0-948a3c6cd392",
    "modules": [
        {
            "path": [
                "root"
            ],
            "outputs": {},
            "resources": {
                "openstack_compute_floatingip_associate_v2.fip_1": {
                    "type": "openstack_compute_floatingip_associate_v2",
                    "depends_on": [
                        "openstack_compute_instance_v2.web",
                        "openstack_networking_floatingip_v2.fip_1"
                    ],
                    "primary": {
                        "id": "192.168.37.62/97f5a173-758a-4a98-b5e1-7fc2ca6d3ec5/",
                        "attributes": {
                            "fixed_ip": "",
                            "floating_ip": "192.168.37.62",
                            "id": "192.168.37.62/97f5a173-758a-4a98-b5e1-7fc2ca6d3ec5/",
                            "instance_id": "97f5a173-758a-4a98-b5e1-7fc2ca6d3ec5",
                            "region": ""
                        },
                        "meta": {},
                        "tainted": false
                    },
                    "deposed": [],
                    "provider": "provider.openstack"
                },
                "openstack_compute_instance_v2.backend": {
                    "type": "openstack_compute_instance_v2",
                    "depends_on": [],
                    "primary": {
                        "id": "ac0054df-0290-4db4-b548-dd2117a53234",
                        "attributes": {
                            "access_ip_v4": "10.1.0.13",
                            "access_ip_v6": "",
                            "all_metadata.%": "1",
                            "all_metadata.this": "that",
                            "availability_zone": "nova",
                            "flavor_id": "1",
                            "flavor_name": "m1.tiny",
                            "force_delete": "false",
                            "id": "ac0054df-0290-4db4-b548-dd2117a53234",
                            "image_id": "46f6ad8d-fbd2-4ed8-922f-c1be5d38ec15",
                            "image_name": "Python_web",
                            "key_pair": "test",
                            "metadata.%": "1",
                            "metadata.this": "that",
                            "name": "backend",
                            "network.#": "1",
                            "network.0.access_network": "false",
                            "network.0.fixed_ip_v4": "10.1.0.13",
                            "network.0.fixed_ip_v6": "",
                            "network.0.floating_ip": "",
                            "network.0.mac": "fa:16:3e:38:95:dd",
                            "network.0.name": "private",
                            "network.0.port": "",
                            "network.0.uuid": "452bc583-5bb3-45b5-a361-9ae257cdfdd3",
                            "region": "",
                            "security_groups.#": "2",
                            "security_groups.2716721158": "HTTP",
                            "security_groups.3814588639": "default",
                            "stop_before_destroy": "false"
                        },
                        "meta": {
                            "e2bfb730-ecaa-11e6-8f88-34363bc7c4c0": {
                                "create": 1800000000000,
                                "delete": 1800000000000,
                                "update": 1800000000000
                            }
                        },
                        "tainted": false
                    },
                    "deposed": [],
                    "provider": "provider.openstack"
                },
                "openstack_compute_instance_v2.web": {
                    "type": "openstack_compute_instance_v2",
                    "depends_on": [],
                    "primary": {
                        "id": "97f5a173-758a-4a98-b5e1-7fc2ca6d3ec5",
                        "attributes": {
                            "access_ip_v4": "10.1.0.12",
                            "access_ip_v6": "",
                            "all_metadata.%": "1",
                            "all_metadata.this": "that",
                            "availability_zone": "nova",
                            "flavor_id": "1",
                            "flavor_name": "m1.tiny",
                            "force_delete": "false",
                            "id": "97f5a173-758a-4a98-b5e1-7fc2ca6d3ec5",
                            "image_id": "46f6ad8d-fbd2-4ed8-922f-c1be5d38ec15",
                            "image_name": "Python_web",
                            "key_pair": "test",
                            "metadata.%": "1",
                            "metadata.this": "that",
                            "name": "web",
                            "network.#": "1",
                            "network.0.access_network": "false",
                            "network.0.fixed_ip_v4": "10.1.0.12",
                            "network.0.fixed_ip_v6": "",
                            "network.0.floating_ip": "",
                            "network.0.mac": "fa:16:3e:99:49:58",
                            "network.0.name": "private",
                            "network.0.port": "",
                            "network.0.uuid": "452bc583-5bb3-45b5-a361-9ae257cdfdd3",
                            "region": "",
                            "security_groups.#": "2",
                            "security_groups.2716721158": "HTTP",
                            "security_groups.3814588639": "default",
                            "stop_before_destroy": "false"
                        },
                        "meta": {
                            "e2bfb730-ecaa-11e6-8f88-34363bc7c4c0": {
                                "create": 1800000000000,
                                "delete": 1800000000000,
                                "update": 1800000000000
                            }
                        },
                        "tainted": false
                    },
                    "deposed": [],
                    "provider": "provider.openstack"
                },
                "openstack_networking_floatingip_v2.fip_1": {
                    "type": "openstack_networking_floatingip_v2",
                    "depends_on": [],
                    "primary": {
                        "id": "33384374-062e-45c2-95f6-5a360574ce2b",
                        "attributes": {
                            "address": "192.168.37.62",
                            "fixed_ip": "10.1.0.12",
                            "id": "33384374-062e-45c2-95f6-5a360574ce2b",
                            "pool": "public",
                            "port_id": "36668be2-64c2-4a93-ae2c-01096641cb12",
                            "region": "",
                            "tenant_id": "1df05ef29c594496a85c17a0359c6c0f"
                        },
                        "meta": {
                            "e2bfb730-ecaa-11e6-8f88-34363bc7c4c0": {
                                "create": 600000000000,
                                "delete": 600000000000
                            }
                        },
                        "tainted": false
                    },
                    "deposed": [],
                    "provider": "provider.openstack"
                }
            },
            "depends_on": []
        }
    ]
}
