{
    "version": 3,
    "terraform_version": "0.11.11",
    "serial": 101,
    "lineage": "cd5ddc23-8b97-4e2f-f6ad-c1a1a8233a53",
    "modules": [
        {
            "path": [
                "root"
            ],
            "outputs": {},
            "resources": {
                "null_resource.provision_docker-master": {
                    "type": "null_resource",
                    "depends_on": [
                        "openstack_compute_floatingip_associate_v2.floatip_2",
                        "openstack_networking_floatingip_v2.floatip_2"
                    ],
                    "primary": {
                        "id": "6576810725794861258",
                        "attributes": {
                            "id": "6576810725794861258"
                        },
                        "meta": {},
                        "tainted": false
                    },
                    "deposed": [],
                    "provider": "provider.null"
                },
                "null_resource.provision_docker-slave01": {
                    "type": "null_resource",
                    "depends_on": [
                        "openstack_networking_floatingip_v2.floatip_1"
                    ],
                    "primary": {
                        "id": "7177693802858823637",
                        "attributes": {
                            "id": "7177693802858823637"
                        },
                        "meta": {},
                        "tainted": false
                    },
                    "deposed": [],
                    "provider": "provider.null"
                },
                "null_resource.provision_docker-slave02": {
                    "type": "null_resource",
                    "depends_on": [
                        "openstack_networking_floatingip_v2.floatip_3"
                    ],
                    "primary": {
                        "id": "2453780743208753285",
                        "attributes": {
                            "id": "2453780743208753285"
                        },
                        "meta": {},
                        "tainted": false
                    },
                    "deposed": [],
                    "provider": "provider.null"
                },
                "openstack_compute_floatingip_associate_v2.floatip_1": {
                    "type": "openstack_compute_floatingip_associate_v2",
                    "depends_on": [
                        "openstack_compute_instance_v2.docker-slave01",
                        "openstack_networking_floatingip_v2.floatip_1"
                    ],
                    "primary": {
                        "id": "192.168.178.20/495430b3-5a70-4128-8a94-a0524b0c4885/",
                        "attributes": {
                            "fixed_ip": "",
                            "floating_ip": "192.168.178.20",
                            "id": "192.168.178.20/495430b3-5a70-4128-8a94-a0524b0c4885/",
                            "instance_id": "495430b3-5a70-4128-8a94-a0524b0c4885",
                            "region": "RegionOne"
                        },
                        "meta": {
                            "e2bfb730-ecaa-11e6-8f88-34363bc7c4c0": {
                                "create": 600000000000
                            }
                        },
                        "tainted": false
                    },
                    "deposed": [],
                    "provider": "provider.openstack"
                },
                "openstack_compute_floatingip_associate_v2.floatip_2": {
                    "type": "openstack_compute_floatingip_associate_v2",
                    "depends_on": [
                        "openstack_compute_instance_v2.docker-master",
                        "openstack_networking_floatingip_v2.floatip_2"
                    ],
                    "primary": {
                        "id": "192.168.178.15/51adc9af-cfe9-4c80-9d15-d495102d6b56/",
                        "attributes": {
                            "fixed_ip": "",
                            "floating_ip": "192.168.178.15",
                            "id": "192.168.178.15/51adc9af-cfe9-4c80-9d15-d495102d6b56/",
                            "instance_id": "51adc9af-cfe9-4c80-9d15-d495102d6b56",
                            "region": "RegionOne"
                        },
                        "meta": {
                            "e2bfb730-ecaa-11e6-8f88-34363bc7c4c0": {
                                "create": 600000000000
                            }
                        },
                        "tainted": false
                    },
                    "deposed": [],
                    "provider": "provider.openstack"
                },
                "openstack_compute_floatingip_associate_v2.floatip_3": {
                    "type": "openstack_compute_floatingip_associate_v2",
                    "depends_on": [
                        "openstack_compute_instance_v2.docker-slave02",
                        "openstack_networking_floatingip_v2.floatip_3"
                    ],
                    "primary": {
                        "id": "192.168.178.30/76656726-fa1e-4145-a3ec-75a2188479b7/",
                        "attributes": {
                            "fixed_ip": "",
                            "floating_ip": "192.168.178.30",
                            "id": "192.168.178.30/76656726-fa1e-4145-a3ec-75a2188479b7/",
                            "instance_id": "76656726-fa1e-4145-a3ec-75a2188479b7",
                            "region": "RegionOne"
                        },
                        "meta": {
                            "e2bfb730-ecaa-11e6-8f88-34363bc7c4c0": {
                                "create": 600000000000
                            }
                        },
                        "tainted": false
                    },
                    "deposed": [],
                    "provider": "provider.openstack"
                },
                "openstack_compute_instance_v2.docker-master": {
                    "type": "openstack_compute_instance_v2",
                    "depends_on": [],
                    "primary": {
                        "id": "51adc9af-cfe9-4c80-9d15-d495102d6b56",
                        "attributes": {
                            "access_ip_v4": "10.0.0.45",
                            "access_ip_v6": "[fda4:a773:540d:0:f816:3eff:fe4f:e1a9]",
                            "all_metadata.%": "0",
                            "availability_zone": "nova",
                            "flavor_id": "d2",
                            "flavor_name": "ds1G",
                            "force_delete": "false",
                            "id": "51adc9af-cfe9-4c80-9d15-d495102d6b56",
                            "image_id": "502a85ff-e86c-4bda-86cf-60df165d9f0f",
                            "image_name": "centos",
                            "key_pair": "linius-openstack",
                            "name": "docker-master",
                            "network.#": "1",
                            "network.0.access_network": "false",
                            "network.0.fixed_ip_v4": "10.0.0.45",
                            "network.0.fixed_ip_v6": "[fda4:a773:540d:0:f816:3eff:fe4f:e1a9]",
                            "network.0.floating_ip": "",
                            "network.0.mac": "fa:16:3e:4f:e1:a9",
                            "network.0.name": "private",
                            "network.0.port": "",
                            "network.0.uuid": "e7f112e5-967a-4225-9918-4aacaf2b0b05",
                            "power_state": "active",
                            "region": "RegionOne",
                            "security_groups.#": "1",
                            "security_groups.3814588639": "default",
                            "stop_before_destroy": "false"
                        },
                        "meta": {
                            "e2bfb730-ecaa-11e6-8f88-34363bc7c4c0": {
                                "create": 1800000000000,
                                "delete": 1800000000000,
                                "update": 1800000000000
                            }
                        },
                        "tainted": false
                    },
                    "deposed": [],
                    "provider": "provider.openstack"
                },
                "openstack_compute_instance_v2.docker-slave01": {
                    "type": "openstack_compute_instance_v2",
                    "depends_on": [],
                    "primary": {
                        "id": "495430b3-5a70-4128-8a94-a0524b0c4885",
                        "attributes": {
                            "access_ip_v4": "10.0.0.16",
                            "access_ip_v6": "[fda4:a773:540d:0:f816:3eff:fef5:227]",
                            "all_metadata.%": "0",
                            "availability_zone": "nova",
                            "flavor_id": "d2",
                            "flavor_name": "ds1G",
                            "force_delete": "false",
                            "id": "495430b3-5a70-4128-8a94-a0524b0c4885",
                            "image_id": "502a85ff-e86c-4bda-86cf-60df165d9f0f",
                            "image_name": "centos",
                            "key_pair": "linius-openstack",
                            "name": "docker-slave01",
                            "network.#": "1",
                            "network.0.access_network": "false",
                            "network.0.fixed_ip_v4": "10.0.0.16",
                            "network.0.fixed_ip_v6": "[fda4:a773:540d:0:f816:3eff:fef5:227]",
                            "network.0.floating_ip": "",
                            "network.0.mac": "fa:16:3e:f5:02:27",
                            "network.0.name": "private",
                            "network.0.port": "",
                            "network.0.uuid": "e7f112e5-967a-4225-9918-4aacaf2b0b05",
                            "power_state": "active",
                            "region": "RegionOne",
                            "security_groups.#": "1",
                            "security_groups.3814588639": "default",
                            "stop_before_destroy": "false"
                        },
                        "meta": {
                            "e2bfb730-ecaa-11e6-8f88-34363bc7c4c0": {
                                "create": 1800000000000,
                                "delete": 1800000000000,
                                "update": 1800000000000
                            }
                        },
                        "tainted": false
                    },
                    "deposed": [],
                    "provider": "provider.openstack"
                },
                "openstack_compute_instance_v2.docker-slave02": {
                    "type": "openstack_compute_instance_v2",
                    "depends_on": [],
                    "primary": {
                        "id": "76656726-fa1e-4145-a3ec-75a2188479b7",
                        "attributes": {
                            "access_ip_v4": "10.0.0.55",
                            "access_ip_v6": "[fda4:a773:540d:0:f816:3eff:fe0d:e6f9]",
                            "all_metadata.%": "0",
                            "availability_zone": "nova",
                            "flavor_id": "d2",
                            "flavor_name": "ds1G",
                            "force_delete": "false",
                            "id": "76656726-fa1e-4145-a3ec-75a2188479b7",
                            "image_id": "502a85ff-e86c-4bda-86cf-60df165d9f0f",
                            "image_name": "centos",
                            "key_pair": "linius-openstack",
                            "name": "docker-slave02",
                            "network.#": "1",
                            "network.0.access_network": "false",
                            "network.0.fixed_ip_v4": "10.0.0.55",
                            "network.0.fixed_ip_v6": "[fda4:a773:540d:0:f816:3eff:fe0d:e6f9]",
                            "network.0.floating_ip": "",
                            "network.0.mac": "fa:16:3e:0d:e6:f9",
                            "network.0.name": "private",
                            "network.0.port": "",
                            "network.0.uuid": "e7f112e5-967a-4225-9918-4aacaf2b0b05",
                            "power_state": "active",
                            "region": "RegionOne",
                            "security_groups.#": "1",
                            "security_groups.3814588639": "default",
                            "stop_before_destroy": "false"
                        },
                        "meta": {
                            "e2bfb730-ecaa-11e6-8f88-34363bc7c4c0": {
                                "create": 1800000000000,
                                "delete": 1800000000000,
                                "update": 1800000000000
                            }
                        },
                        "tainted": false
                    },
                    "deposed": [],
                    "provider": "provider.openstack"
                },
                "openstack_networking_floatingip_v2.floatip_1": {
                    "type": "openstack_networking_floatingip_v2",
                    "depends_on": [],
                    "primary": {
                        "id": "80babfdd-1ab3-4281-91d3-726a32cbb592",
                        "attributes": {
                            "address": "192.168.178.20",
                            "all_tags.#": "0",
                            "description": "",
                            "fixed_ip": "",
                            "id": "80babfdd-1ab3-4281-91d3-726a32cbb592",
                            "pool": "public",
                            "port_id": "",
                            "region": "RegionOne",
                            "tags.#": "0",
                            "tenant_id": "eabda212aa90466aabd867fd4f01c9b2"
                        },
                        "meta": {
                            "e2bfb730-ecaa-11e6-8f88-34363bc7c4c0": {
                                "create": 600000000000,
                                "delete": 600000000000
                            }
                        },
                        "tainted": false
                    },
                    "deposed": [],
                    "provider": "provider.openstack"
                },
                "openstack_networking_floatingip_v2.floatip_2": {
                    "type": "openstack_networking_floatingip_v2",
                    "depends_on": [],
                    "primary": {
                        "id": "16a680ce-2cf9-4de2-99da-185801ab12a4",
                        "attributes": {
                            "address": "192.168.178.15",
                            "all_tags.#": "0",
                            "description": "",
                            "fixed_ip": "",
                            "id": "16a680ce-2cf9-4de2-99da-185801ab12a4",
                            "pool": "public",
                            "port_id": "",
                            "region": "RegionOne",
                            "tags.#": "0",
                            "tenant_id": "eabda212aa90466aabd867fd4f01c9b2"
                        },
                        "meta": {
                            "e2bfb730-ecaa-11e6-8f88-34363bc7c4c0": {
                                "create": 600000000000,
                                "delete": 600000000000
                            }
                        },
                        "tainted": false
                    },
                    "deposed": [],
                    "provider": "provider.openstack"
                },
                "openstack_networking_floatingip_v2.floatip_3": {
                    "type": "openstack_networking_floatingip_v2",
                    "depends_on": [],
                    "primary": {
                        "id": "922975e4-a5d0-4b49-903c-3cbb3c6b2a02",
                        "attributes": {
                            "address": "192.168.178.30",
                            "all_tags.#": "0",
                            "description": "",
                            "fixed_ip": "",
                            "id": "922975e4-a5d0-4b49-903c-3cbb3c6b2a02",
                            "pool": "public",
                            "port_id": "",
                            "region": "RegionOne",
                            "tags.#": "0",
                            "tenant_id": "eabda212aa90466aabd867fd4f01c9b2"
                        },
                        "meta": {
                            "e2bfb730-ecaa-11e6-8f88-34363bc7c4c0": {
                                "create": 600000000000,
                                "delete": 600000000000
                            }
                        },
                        "tainted": false
                    },
                    "deposed": [],
                    "provider": "provider.openstack"
                }
            },
            "depends_on": []
        }
    ]
}
