{
    "version": 3,
    "terraform_version": "0.11.13",
    "serial": 1,
    "lineage": "1891f23e-bcf5-ef58-3bd7-9af0f972a4e0",
    "modules": [
        {
            "path": [
                "root"
            ],
            "outputs": {},
            "resources": {
                "azurerm_network_interface.docker-master01": {
                    "type": "azurerm_network_interface",
                    "depends_on": [
                        "azurerm_network_security_group.myterraformnsg",
                        "azurerm_public_ip.docker-master01",
                        "azurerm_resource_group.myterraformgroup",
                        "azurerm_subnet.myterraformsubnet"
                    ],
                    "primary": {
                        "id": "/subscriptions/a839f6e7-cbc3-45cf-825f-86e948300bb0/resourceGroups/myResourceGroup/providers/Microsoft.Network/networkInterfaces/docker-master01",
                        "attributes": {
                            "applied_dns_servers.#": "0",
                            "dns_servers.#": "0",
                            "enable_accelerated_networking": "false",
                            "enable_ip_forwarding": "false",
                            "id": "/subscriptions/a839f6e7-cbc3-45cf-825f-86e948300bb0/resourceGroups/myResourceGroup/providers/Microsoft.Network/networkInterfaces/docker-master01",
                            "internal_dns_name_label": "",
                            "internal_fqdn": "",
                            "ip_configuration.#": "1",
                            "ip_configuration.0.application_gateway_backend_address_pools_ids.#": "0",
                            "ip_configuration.0.application_security_group_ids.#": "0",
                            "ip_configuration.0.load_balancer_backend_address_pools_ids.#": "0",
                            "ip_configuration.0.load_balancer_inbound_nat_rules_ids.#": "0",
                            "ip_configuration.0.name": "myNicConfiguration",
                            "ip_configuration.0.primary": "true",
                            "ip_configuration.0.private_ip_address": "",
                            "ip_configuration.0.private_ip_address_allocation": "dynamic",
                            "ip_configuration.0.private_ip_address_version": "IPv4",
                            "ip_configuration.0.public_ip_address_id": "/subscriptions/a839f6e7-cbc3-45cf-825f-86e948300bb0/resourceGroups/myResourceGroup/providers/Microsoft.Network/publicIPAddresses/docker-master01",
                            "ip_configuration.0.subnet_id": "/subscriptions/a839f6e7-cbc3-45cf-825f-86e948300bb0/resourceGroups/myResourceGroup/providers/Microsoft.Network/virtualNetworks/myVnet/subnets/mySubnet",
                            "location": "northeurope",
                            "mac_address": "",
                            "name": "docker-master01",
                            "network_security_group_id": "/subscriptions/a839f6e7-cbc3-45cf-825f-86e948300bb0/resourceGroups/myResourceGroup/providers/Microsoft.Network/networkSecurityGroups/myNetworkSecurityGroup",
                            "private_ip_address": "10.0.2.4",
                            "private_ip_addresses.#": "1",
                            "private_ip_addresses.0": "10.0.2.4",
                            "resource_group_name": "myResourceGroup",
                            "tags.%": "1",
                            "tags.environment": "Terraform Demo"
                        },
                        "meta": {},
                        "tainted": false
                    },
                    "deposed": [],
                    "provider": "provider.azurerm"
                },
                "azurerm_network_interface.docker-slave01": {
                    "type": "azurerm_network_interface",
                    "depends_on": [
                        "azurerm_network_security_group.myterraformnsg",
                        "azurerm_public_ip.docker-slave01",
                        "azurerm_resource_group.myterraformgroup",
                        "azurerm_subnet.myterraformsubnet"
                    ],
                    "primary": {
                        "id": "/subscriptions/a839f6e7-cbc3-45cf-825f-86e948300bb0/resourceGroups/myResourceGroup/providers/Microsoft.Network/networkInterfaces/docker-slave01",
                        "attributes": {
                            "applied_dns_servers.#": "0",
                            "dns_servers.#": "0",
                            "enable_accelerated_networking": "false",
                            "enable_ip_forwarding": "false",
                            "id": "/subscriptions/a839f6e7-cbc3-45cf-825f-86e948300bb0/resourceGroups/myResourceGroup/providers/Microsoft.Network/networkInterfaces/docker-slave01",
                            "internal_dns_name_label": "",
                            "internal_fqdn": "",
                            "ip_configuration.#": "1",
                            "ip_configuration.0.application_gateway_backend_address_pools_ids.#": "0",
                            "ip_configuration.0.application_security_group_ids.#": "0",
                            "ip_configuration.0.load_balancer_backend_address_pools_ids.#": "0",
                            "ip_configuration.0.load_balancer_inbound_nat_rules_ids.#": "0",
                            "ip_configuration.0.name": "myNicConfiguration",
                            "ip_configuration.0.primary": "true",
                            "ip_configuration.0.private_ip_address": "",
                            "ip_configuration.0.private_ip_address_allocation": "dynamic",
                            "ip_configuration.0.private_ip_address_version": "IPv4",
                            "ip_configuration.0.public_ip_address_id": "/subscriptions/a839f6e7-cbc3-45cf-825f-86e948300bb0/resourceGroups/myResourceGroup/providers/Microsoft.Network/publicIPAddresses/docker-slave01",
                            "ip_configuration.0.subnet_id": "/subscriptions/a839f6e7-cbc3-45cf-825f-86e948300bb0/resourceGroups/myResourceGroup/providers/Microsoft.Network/virtualNetworks/myVnet/subnets/mySubnet",
                            "location": "northeurope",
                            "mac_address": "",
                            "name": "docker-slave01",
                            "network_security_group_id": "/subscriptions/a839f6e7-cbc3-45cf-825f-86e948300bb0/resourceGroups/myResourceGroup/providers/Microsoft.Network/networkSecurityGroups/myNetworkSecurityGroup",
                            "private_ip_address": "10.0.2.6",
                            "private_ip_addresses.#": "1",
                            "private_ip_addresses.0": "10.0.2.6",
                            "resource_group_name": "myResourceGroup",
                            "tags.%": "1",
                            "tags.environment": "Terraform Demo"
                        },
                        "meta": {},
                        "tainted": false
                    },
                    "deposed": [],
                    "provider": "provider.azurerm"
                },
                "azurerm_network_interface.saltmaster": {
                    "type": "azurerm_network_interface",
                    "depends_on": [
                        "azurerm_network_security_group.myterraformnsg",
                        "azurerm_public_ip.saltmaster",
                        "azurerm_resource_group.myterraformgroup",
                        "azurerm_subnet.myterraformsubnet"
                    ],
                    "primary": {
                        "id": "/subscriptions/a839f6e7-cbc3-45cf-825f-86e948300bb0/resourceGroups/myResourceGroup/providers/Microsoft.Network/networkInterfaces/saltmaster",
                        "attributes": {
                            "applied_dns_servers.#": "0",
                            "dns_servers.#": "0",
                            "enable_accelerated_networking": "false",
                            "enable_ip_forwarding": "false",
                            "id": "/subscriptions/a839f6e7-cbc3-45cf-825f-86e948300bb0/resourceGroups/myResourceGroup/providers/Microsoft.Network/networkInterfaces/saltmaster",
                            "internal_dns_name_label": "",
                            "internal_fqdn": "",
                            "ip_configuration.#": "1",
                            "ip_configuration.0.application_gateway_backend_address_pools_ids.#": "0",
                            "ip_configuration.0.application_security_group_ids.#": "0",
                            "ip_configuration.0.load_balancer_backend_address_pools_ids.#": "0",
                            "ip_configuration.0.load_balancer_inbound_nat_rules_ids.#": "0",
                            "ip_configuration.0.name": "myNicConfiguration",
                            "ip_configuration.0.primary": "true",
                            "ip_configuration.0.private_ip_address": "",
                            "ip_configuration.0.private_ip_address_allocation": "dynamic",
                            "ip_configuration.0.private_ip_address_version": "IPv4",
                            "ip_configuration.0.public_ip_address_id": "/subscriptions/a839f6e7-cbc3-45cf-825f-86e948300bb0/resourceGroups/myResourceGroup/providers/Microsoft.Network/publicIPAddresses/saltmaster",
                            "ip_configuration.0.subnet_id": "/subscriptions/a839f6e7-cbc3-45cf-825f-86e948300bb0/resourceGroups/myResourceGroup/providers/Microsoft.Network/virtualNetworks/myVnet/subnets/mySubnet",
                            "location": "northeurope",
                            "mac_address": "",
                            "name": "saltmaster",
                            "network_security_group_id": "/subscriptions/a839f6e7-cbc3-45cf-825f-86e948300bb0/resourceGroups/myResourceGroup/providers/Microsoft.Network/networkSecurityGroups/myNetworkSecurityGroup",
                            "private_ip_address": "10.0.2.5",
                            "private_ip_addresses.#": "1",
                            "private_ip_addresses.0": "10.0.2.5",
                            "resource_group_name": "myResourceGroup",
                            "tags.%": "1",
                            "tags.environment": "Terraform Demo"
                        },
                        "meta": {},
                        "tainted": false
                    },
                    "deposed": [],
                    "provider": "provider.azurerm"
                },
                "azurerm_network_security_group.myterraformnsg": {
                    "type": "azurerm_network_security_group",
                    "depends_on": [
                        "azurerm_resource_group.myterraformgroup"
                    ],
                    "primary": {
                        "id": "/subscriptions/a839f6e7-cbc3-45cf-825f-86e948300bb0/resourceGroups/myResourceGroup/providers/Microsoft.Network/networkSecurityGroups/myNetworkSecurityGroup",
                        "attributes": {
                            "id": "/subscriptions/a839f6e7-cbc3-45cf-825f-86e948300bb0/resourceGroups/myResourceGroup/providers/Microsoft.Network/networkSecurityGroups/myNetworkSecurityGroup",
                            "location": "northeurope",
                            "name": "myNetworkSecurityGroup",
                            "resource_group_name": "myResourceGroup",
                            "security_rule.#": "1",
                            "security_rule.2090309246.access": "Allow",
                            "security_rule.2090309246.description": "",
                            "security_rule.2090309246.destination_address_prefix": "*",
                            "security_rule.2090309246.destination_address_prefixes.#": "0",
                            "security_rule.2090309246.destination_application_security_group_ids.#": "0",
                            "security_rule.2090309246.destination_port_range": "22",
                            "security_rule.2090309246.destination_port_ranges.#": "0",
                            "security_rule.2090309246.direction": "Inbound",
                            "security_rule.2090309246.name": "SSH",
                            "security_rule.2090309246.priority": "1001",
                            "security_rule.2090309246.protocol": "Tcp",
                            "security_rule.2090309246.source_address_prefix": "*",
                            "security_rule.2090309246.source_address_prefixes.#": "0",
                            "security_rule.2090309246.source_application_security_group_ids.#": "0",
                            "security_rule.2090309246.source_port_range": "*",
                            "security_rule.2090309246.source_port_ranges.#": "0",
                            "tags.%": "1",
                            "tags.environment": "Terraform Demo"
                        },
                        "meta": {},
                        "tainted": false
                    },
                    "deposed": [],
                    "provider": "provider.azurerm"
                },
                "azurerm_public_ip.docker-master01": {
                    "type": "azurerm_public_ip",
                    "depends_on": [
                        "azurerm_resource_group.myterraformgroup"
                    ],
                    "primary": {
                        "id": "/subscriptions/a839f6e7-cbc3-45cf-825f-86e948300bb0/resourceGroups/myResourceGroup/providers/Microsoft.Network/publicIPAddresses/docker-master01",
                        "attributes": {
                            "allocation_method": "Dynamic",
                            "id": "/subscriptions/a839f6e7-cbc3-45cf-825f-86e948300bb0/resourceGroups/myResourceGroup/providers/Microsoft.Network/publicIPAddresses/docker-master01",
                            "idle_timeout_in_minutes": "4",
                            "ip_address": "",
                            "ip_version": "IPv4",
                            "location": "northeurope",
                            "name": "docker-master01",
                            "public_ip_address_allocation": "Dynamic",
                            "resource_group_name": "myResourceGroup",
                            "sku": "Basic",
                            "tags.%": "1",
                            "tags.environment": "Terraform Demo",
                            "zones.#": "0"
                        },
                        "meta": {},
                        "tainted": false
                    },
                    "deposed": [],
                    "provider": "provider.azurerm"
                },
                "azurerm_public_ip.docker-slave01": {
                    "type": "azurerm_public_ip",
                    "depends_on": [
                        "azurerm_resource_group.myterraformgroup"
                    ],
                    "primary": {
                        "id": "/subscriptions/a839f6e7-cbc3-45cf-825f-86e948300bb0/resourceGroups/myResourceGroup/providers/Microsoft.Network/publicIPAddresses/docker-slave01",
                        "attributes": {
                            "allocation_method": "Dynamic",
                            "id": "/subscriptions/a839f6e7-cbc3-45cf-825f-86e948300bb0/resourceGroups/myResourceGroup/providers/Microsoft.Network/publicIPAddresses/docker-slave01",
                            "idle_timeout_in_minutes": "4",
                            "ip_address": "",
                            "ip_version": "IPv4",
                            "location": "northeurope",
                            "name": "docker-slave01",
                            "public_ip_address_allocation": "Dynamic",
                            "resource_group_name": "myResourceGroup",
                            "sku": "Basic",
                            "tags.%": "1",
                            "tags.environment": "Terraform Demo",
                            "zones.#": "0"
                        },
                        "meta": {},
                        "tainted": false
                    },
                    "deposed": [],
                    "provider": "provider.azurerm"
                },
                "azurerm_public_ip.saltmaster": {
                    "type": "azurerm_public_ip",
                    "depends_on": [
                        "azurerm_resource_group.myterraformgroup"
                    ],
                    "primary": {
                        "id": "/subscriptions/a839f6e7-cbc3-45cf-825f-86e948300bb0/resourceGroups/myResourceGroup/providers/Microsoft.Network/publicIPAddresses/saltmaster",
                        "attributes": {
                            "allocation_method": "Dynamic",
                            "id": "/subscriptions/a839f6e7-cbc3-45cf-825f-86e948300bb0/resourceGroups/myResourceGroup/providers/Microsoft.Network/publicIPAddresses/saltmaster",
                            "idle_timeout_in_minutes": "4",
                            "ip_address": "",
                            "ip_version": "IPv4",
                            "location": "northeurope",
                            "name": "saltmaster",
                            "public_ip_address_allocation": "Dynamic",
                            "resource_group_name": "myResourceGroup",
                            "sku": "Basic",
                            "tags.%": "1",
                            "tags.environment": "Terraform Demo",
                            "zones.#": "0"
                        },
                        "meta": {},
                        "tainted": false
                    },
                    "deposed": [],
                    "provider": "provider.azurerm"
                },
                "azurerm_resource_group.myterraformgroup": {
                    "type": "azurerm_resource_group",
                    "depends_on": [],
                    "primary": {
                        "id": "/subscriptions/a839f6e7-cbc3-45cf-825f-86e948300bb0/resourceGroups/myResourceGroup",
                        "attributes": {
                            "id": "/subscriptions/a839f6e7-cbc3-45cf-825f-86e948300bb0/resourceGroups/myResourceGroup",
                            "location": "northeurope",
                            "name": "myResourceGroup",
                            "tags.%": "1",
                            "tags.environment": "Terraform Demo"
                        },
                        "meta": {},
                        "tainted": false
                    },
                    "deposed": [],
                    "provider": "provider.azurerm"
                },
                "azurerm_storage_account.mystorageaccount": {
                    "type": "azurerm_storage_account",
                    "depends_on": [
                        "azurerm_resource_group.myterraformgroup",
                        "random_id.randomId"
                    ],
                    "primary": {
                        "id": "/subscriptions/a839f6e7-cbc3-45cf-825f-86e948300bb0/resourceGroups/myResourceGroup/providers/Microsoft.Storage/storageAccounts/diag77258d1ef0128549",
                        "attributes": {
                            "access_tier": "",
                            "account_encryption_source": "Microsoft.Storage",
                            "account_kind": "Storage",
                            "account_replication_type": "LRS",
                            "account_tier": "Standard",
                            "account_type": "Standard_LRS",
                            "enable_blob_encryption": "true",
                            "enable_file_encryption": "true",
                            "enable_https_traffic_only": "false",
                            "id": "/subscriptions/a839f6e7-cbc3-45cf-825f-86e948300bb0/resourceGroups/myResourceGroup/providers/Microsoft.Storage/storageAccounts/diag77258d1ef0128549",
                            "identity.#": "0",
                            "is_hns_enabled": "false",
                            "location": "northeurope",
                            "name": "diag77258d1ef0128549",
                            "network_rules.#": "0",
                            "primary_access_key": "5PVU9u45G4N+7cXfE+eG2DyYojE3oY6Is0vo3bBvmz9mEhFty82eFFKB+xY27B202mKUEw4XG0rXDCg2TkJ81g==",
                            "primary_blob_connection_string": "DefaultEndpointsProtocol=https;BlobEndpoint=https://diag77258d1ef0128549.blob.core.windows.net/;AccountName=diag77258d1ef0128549;AccountKey=5PVU9u45G4N+7cXfE+eG2DyYojE3oY6Is0vo3bBvmz9mEhFty82eFFKB+xY27B202mKUEw4XG0rXDCg2TkJ81g==",
                            "primary_blob_endpoint": "https://diag77258d1ef0128549.blob.core.windows.net/",
                            "primary_blob_host": "diag77258d1ef0128549.blob.core.windows.net",
                            "primary_connection_string": "DefaultEndpointsProtocol=https;AccountName=diag77258d1ef0128549;AccountKey=5PVU9u45G4N+7cXfE+eG2DyYojE3oY6Is0vo3bBvmz9mEhFty82eFFKB+xY27B202mKUEw4XG0rXDCg2TkJ81g==;EndpointSuffix=core.windows.net",
                            "primary_dfs_endpoint": "",
                            "primary_dfs_host": "",
                            "primary_file_endpoint": "https://diag77258d1ef0128549.file.core.windows.net/",
                            "primary_file_host": "diag77258d1ef0128549.file.core.windows.net",
                            "primary_location": "northeurope",
                            "primary_queue_endpoint": "https://diag77258d1ef0128549.queue.core.windows.net/",
                            "primary_queue_host": "diag77258d1ef0128549.queue.core.windows.net",
                            "primary_table_endpoint": "https://diag77258d1ef0128549.table.core.windows.net/",
                            "primary_table_host": "diag77258d1ef0128549.table.core.windows.net",
                            "primary_web_endpoint": "",
                            "primary_web_host": "",
                            "resource_group_name": "myResourceGroup",
                            "secondary_access_key": "px6RXGS+p/mpQWHK7HXHAwZ5QsFL1+4/Yx7DYljJJCRE5PovIkerUo2GZnm/o8fCqstKLiFS4YR6wnbDkumkfw==",
                            "secondary_blob_connection_string": "",
                            "secondary_connection_string": "DefaultEndpointsProtocol=https;AccountName=diag77258d1ef0128549;AccountKey=px6RXGS+p/mpQWHK7HXHAwZ5QsFL1+4/Yx7DYljJJCRE5PovIkerUo2GZnm/o8fCqstKLiFS4YR6wnbDkumkfw==;EndpointSuffix=core.windows.net",
                            "secondary_location": "",
                            "tags.%": "1",
                            "tags.environment": "Terraform Demo"
                        },
                        "meta": {
                            "schema_version": "2"
                        },
                        "tainted": false
                    },
                    "deposed": [],
                    "provider": "provider.azurerm"
                },
                "azurerm_subnet.myterraformsubnet": {
                    "type": "azurerm_subnet",
                    "depends_on": [
                        "azurerm_resource_group.myterraformgroup",
                        "azurerm_virtual_network.myterraformnetwork"
                    ],
                    "primary": {
                        "id": "/subscriptions/a839f6e7-cbc3-45cf-825f-86e948300bb0/resourceGroups/myResourceGroup/providers/Microsoft.Network/virtualNetworks/myVnet/subnets/mySubnet",
                        "attributes": {
                            "address_prefix": "10.0.2.0/24",
                            "delegation.#": "0",
                            "id": "/subscriptions/a839f6e7-cbc3-45cf-825f-86e948300bb0/resourceGroups/myResourceGroup/providers/Microsoft.Network/virtualNetworks/myVnet/subnets/mySubnet",
                            "ip_configurations.#": "0",
                            "name": "mySubnet",
                            "network_security_group_id": "",
                            "resource_group_name": "myResourceGroup",
                            "route_table_id": "",
                            "service_endpoints.#": "0",
                            "virtual_network_name": "myVnet"
                        },
                        "meta": {},
                        "tainted": false
                    },
                    "deposed": [],
                    "provider": "provider.azurerm"
                },
                "azurerm_virtual_machine.docker-master01": {
                    "type": "azurerm_virtual_machine",
                    "depends_on": [
                        "azurerm_network_interface.docker-master01",
                        "azurerm_resource_group.myterraformgroup",
                        "azurerm_storage_account.mystorageaccount"
                    ],
                    "primary": {
                        "id": "/subscriptions/a839f6e7-cbc3-45cf-825f-86e948300bb0/resourceGroups/myResourceGroup/providers/Microsoft.Compute/virtualMachines/docker-master01",
                        "attributes": {
                            "boot_diagnostics.#": "1",
                            "boot_diagnostics.0.enabled": "true",
                            "boot_diagnostics.0.storage_uri": "https://diag77258d1ef0128549.blob.core.windows.net/",
                            "delete_data_disks_on_termination": "false",
                            "delete_os_disk_on_termination": "false",
                            "id": "/subscriptions/a839f6e7-cbc3-45cf-825f-86e948300bb0/resourceGroups/myResourceGroup/providers/Microsoft.Compute/virtualMachines/docker-master01",
                            "identity.#": "0",
                            "location": "northeurope",
                            "name": "docker-master01",
                            "network_interface_ids.#": "1",
                            "network_interface_ids.0": "/subscriptions/a839f6e7-cbc3-45cf-825f-86e948300bb0/resourceGroups/myResourceGroup/providers/Microsoft.Network/networkInterfaces/docker-master01",
                            "os_profile.#": "1",
                            "os_profile.2759524755.admin_password": "",
                            "os_profile.2759524755.admin_username": "azureuser",
                            "os_profile.2759524755.computer_name": "docker-master01",
                            "os_profile.2759524755.custom_data": "",
                            "os_profile_linux_config.#": "1",
                            "os_profile_linux_config.2972667452.disable_password_authentication": "false",
                            "os_profile_linux_config.2972667452.ssh_keys.#": "0",
                            "os_profile_secrets.#": "0",
                            "os_profile_windows_config.#": "0",
                            "plan.#": "0",
                            "resource_group_name": "myResourceGroup",
                            "storage_data_disk.#": "0",
                            "storage_image_reference.#": "1",
                            "storage_image_reference.3276981797.id": "",
                            "storage_image_reference.3276981797.offer": "CentOS",
                            "storage_image_reference.3276981797.publisher": "OpenLogic",
                            "storage_image_reference.3276981797.sku": "7.5",
                            "storage_image_reference.3276981797.version": "latest",
                            "storage_os_disk.#": "1",
                            "storage_os_disk.0.caching": "ReadWrite",
                            "storage_os_disk.0.create_option": "FromImage",
                            "storage_os_disk.0.disk_size_gb": "30",
                            "storage_os_disk.0.image_uri": "",
                            "storage_os_disk.0.managed_disk_id": "/subscriptions/a839f6e7-cbc3-45cf-825f-86e948300bb0/resourceGroups/myResourceGroup/providers/Microsoft.Compute/disks/docker-master01",
                            "storage_os_disk.0.managed_disk_type": "Premium_LRS",
                            "storage_os_disk.0.name": "docker-master01",
                            "storage_os_disk.0.os_type": "Linux",
                            "storage_os_disk.0.vhd_uri": "",
                            "storage_os_disk.0.write_accelerator_enabled": "false",
                            "tags.%": "1",
                            "tags.environment": "Terraform Demo",
                            "vm_size": "Standard_DS1_v2",
                            "zones.#": "0"
                        },
                        "meta": {},
                        "tainted": false
                    },
                    "deposed": [],
                    "provider": "provider.azurerm"
                },
                "azurerm_virtual_machine.docker-slave01": {
                    "type": "azurerm_virtual_machine",
                    "depends_on": [
                        "azurerm_network_interface.docker-slave01",
                        "azurerm_resource_group.myterraformgroup",
                        "azurerm_storage_account.mystorageaccount"
                    ],
                    "primary": {
                        "id": "/subscriptions/a839f6e7-cbc3-45cf-825f-86e948300bb0/resourceGroups/myResourceGroup/providers/Microsoft.Compute/virtualMachines/docker-slave01",
                        "attributes": {
                            "boot_diagnostics.#": "1",
                            "boot_diagnostics.0.enabled": "true",
                            "boot_diagnostics.0.storage_uri": "https://diag77258d1ef0128549.blob.core.windows.net/",
                            "delete_data_disks_on_termination": "false",
                            "delete_os_disk_on_termination": "false",
                            "id": "/subscriptions/a839f6e7-cbc3-45cf-825f-86e948300bb0/resourceGroups/myResourceGroup/providers/Microsoft.Compute/virtualMachines/docker-slave01",
                            "identity.#": "0",
                            "location": "northeurope",
                            "name": "docker-slave01",
                            "network_interface_ids.#": "1",
                            "network_interface_ids.0": "/subscriptions/a839f6e7-cbc3-45cf-825f-86e948300bb0/resourceGroups/myResourceGroup/providers/Microsoft.Network/networkInterfaces/docker-slave01",
                            "os_profile.#": "1",
                            "os_profile.3885172964.admin_password": "",
                            "os_profile.3885172964.admin_username": "azureuser",
                            "os_profile.3885172964.computer_name": "docker-slave01",
                            "os_profile.3885172964.custom_data": "",
                            "os_profile_linux_config.#": "1",
                            "os_profile_linux_config.2972667452.disable_password_authentication": "false",
                            "os_profile_linux_config.2972667452.ssh_keys.#": "0",
                            "os_profile_secrets.#": "0",
                            "os_profile_windows_config.#": "0",
                            "plan.#": "0",
                            "resource_group_name": "myResourceGroup",
                            "storage_data_disk.#": "0",
                            "storage_image_reference.#": "1",
                            "storage_image_reference.3276981797.id": "",
                            "storage_image_reference.3276981797.offer": "CentOS",
                            "storage_image_reference.3276981797.publisher": "OpenLogic",
                            "storage_image_reference.3276981797.sku": "7.5",
                            "storage_image_reference.3276981797.version": "latest",
                            "storage_os_disk.#": "1",
                            "storage_os_disk.0.caching": "ReadWrite",
                            "storage_os_disk.0.create_option": "FromImage",
                            "storage_os_disk.0.disk_size_gb": "30",
                            "storage_os_disk.0.image_uri": "",
                            "storage_os_disk.0.managed_disk_id": "/subscriptions/a839f6e7-cbc3-45cf-825f-86e948300bb0/resourceGroups/myResourceGroup/providers/Microsoft.Compute/disks/docker-slave01",
                            "storage_os_disk.0.managed_disk_type": "Premium_LRS",
                            "storage_os_disk.0.name": "docker-slave01",
                            "storage_os_disk.0.os_type": "Linux",
                            "storage_os_disk.0.vhd_uri": "",
                            "storage_os_disk.0.write_accelerator_enabled": "false",
                            "tags.%": "1",
                            "tags.environment": "Terraform Demo",
                            "vm_size": "Standard_DS1_v2",
                            "zones.#": "0"
                        },
                        "meta": {},
                        "tainted": false
                    },
                    "deposed": [],
                    "provider": "provider.azurerm"
                },
                "azurerm_virtual_machine.saltmaster": {
                    "type": "azurerm_virtual_machine",
                    "depends_on": [
                        "azurerm_network_interface.saltmaster",
                        "azurerm_resource_group.myterraformgroup",
                        "azurerm_storage_account.mystorageaccount"
                    ],
                    "primary": {
                        "id": "/subscriptions/a839f6e7-cbc3-45cf-825f-86e948300bb0/resourceGroups/myResourceGroup/providers/Microsoft.Compute/virtualMachines/saltmaster",
                        "attributes": {
                            "boot_diagnostics.#": "1",
                            "boot_diagnostics.0.enabled": "true",
                            "boot_diagnostics.0.storage_uri": "https://diag77258d1ef0128549.blob.core.windows.net/",
                            "delete_data_disks_on_termination": "false",
                            "delete_os_disk_on_termination": "false",
                            "id": "/subscriptions/a839f6e7-cbc3-45cf-825f-86e948300bb0/resourceGroups/myResourceGroup/providers/Microsoft.Compute/virtualMachines/saltmaster",
                            "identity.#": "0",
                            "location": "northeurope",
                            "name": "saltmaster",
                            "network_interface_ids.#": "1",
                            "network_interface_ids.0": "/subscriptions/a839f6e7-cbc3-45cf-825f-86e948300bb0/resourceGroups/myResourceGroup/providers/Microsoft.Network/networkInterfaces/saltmaster",
                            "os_profile.#": "1",
                            "os_profile.1614886170.admin_password": "",
                            "os_profile.1614886170.admin_username": "azureuser",
                            "os_profile.1614886170.computer_name": "saltmaster",
                            "os_profile.1614886170.custom_data": "",
                            "os_profile_linux_config.#": "1",
                            "os_profile_linux_config.2972667452.disable_password_authentication": "false",
                            "os_profile_linux_config.2972667452.ssh_keys.#": "0",
                            "os_profile_secrets.#": "0",
                            "os_profile_windows_config.#": "0",
                            "plan.#": "0",
                            "resource_group_name": "myResourceGroup",
                            "storage_data_disk.#": "0",
                            "storage_image_reference.#": "1",
                            "storage_image_reference.3276981797.id": "",
                            "storage_image_reference.3276981797.offer": "CentOS",
                            "storage_image_reference.3276981797.publisher": "OpenLogic",
                            "storage_image_reference.3276981797.sku": "7.5",
                            "storage_image_reference.3276981797.version": "latest",
                            "storage_os_disk.#": "1",
                            "storage_os_disk.0.caching": "ReadWrite",
                            "storage_os_disk.0.create_option": "FromImage",
                            "storage_os_disk.0.disk_size_gb": "30",
                            "storage_os_disk.0.image_uri": "",
                            "storage_os_disk.0.managed_disk_id": "/subscriptions/a839f6e7-cbc3-45cf-825f-86e948300bb0/resourceGroups/myResourceGroup/providers/Microsoft.Compute/disks/saltmaster",
                            "storage_os_disk.0.managed_disk_type": "Premium_LRS",
                            "storage_os_disk.0.name": "saltmaster",
                            "storage_os_disk.0.os_type": "Linux",
                            "storage_os_disk.0.vhd_uri": "",
                            "storage_os_disk.0.write_accelerator_enabled": "false",
                            "tags.%": "1",
                            "tags.environment": "Terraform Demo",
                            "vm_size": "Standard_DS1_v2",
                            "zones.#": "0"
                        },
                        "meta": {},
                        "tainted": false
                    },
                    "deposed": [],
                    "provider": "provider.azurerm"
                },
                "azurerm_virtual_machine_extension.docker-master01": {
                    "type": "azurerm_virtual_machine_extension",
                    "depends_on": [
                        "azurerm_resource_group.myterraformgroup",
                        "azurerm_virtual_machine.docker-master01"
                    ],
                    "primary": {
                        "id": "/subscriptions/a839f6e7-cbc3-45cf-825f-86e948300bb0/resourceGroups/myResourceGroup/providers/Microsoft.Compute/virtualMachines/docker-master01/extensions/docker-master01",
                        "attributes": {
                            "auto_upgrade_minor_version": "false",
                            "id": "/subscriptions/a839f6e7-cbc3-45cf-825f-86e948300bb0/resourceGroups/myResourceGroup/providers/Microsoft.Compute/virtualMachines/docker-master01/extensions/docker-master01",
                            "location": "northeurope",
                            "name": "docker-master01",
                            "publisher": "Microsoft.Azure.Extensions",
                            "resource_group_name": "myResourceGroup",
                            "settings": "{\"commandToExecute\":\"sudo yum install -y git \\u0026\\u0026 curl -L https://bootstrap.saltstack.com -o install_salt.sh \\u0026\\u0026 sudo sh install_salt.sh -P -A saltmaster\"}",
                            "tags.%": "1",
                            "tags.environment": "Terraform Demo",
                            "type": "CustomScript",
                            "type_handler_version": "2.0",
                            "virtual_machine_name": "docker-master01"
                        },
                        "meta": {},
                        "tainted": false
                    },
                    "deposed": [],
                    "provider": "provider.azurerm"
                },
                "azurerm_virtual_machine_extension.docker-slave01": {
                    "type": "azurerm_virtual_machine_extension",
                    "depends_on": [
                        "azurerm_resource_group.myterraformgroup",
                        "azurerm_virtual_machine.docker-slave01"
                    ],
                    "primary": {
                        "id": "/subscriptions/a839f6e7-cbc3-45cf-825f-86e948300bb0/resourceGroups/myResourceGroup/providers/Microsoft.Compute/virtualMachines/docker-slave01/extensions/docker-slave01",
                        "attributes": {
                            "auto_upgrade_minor_version": "false",
                            "id": "/subscriptions/a839f6e7-cbc3-45cf-825f-86e948300bb0/resourceGroups/myResourceGroup/providers/Microsoft.Compute/virtualMachines/docker-slave01/extensions/docker-slave01",
                            "location": "northeurope",
                            "name": "docker-slave01",
                            "publisher": "Microsoft.Azure.Extensions",
                            "resource_group_name": "myResourceGroup",
                            "settings": "{\"commandToExecute\":\"sudo yum install -y git \\u0026\\u0026 curl -L https://bootstrap.saltstack.com -o install_salt.sh \\u0026\\u0026 sudo sh install_salt.sh -P -A saltmaster\"}",
                            "tags.%": "1",
                            "tags.environment": "Terraform Demo",
                            "type": "CustomScript",
                            "type_handler_version": "2.0",
                            "virtual_machine_name": "docker-slave01"
                        },
                        "meta": {},
                        "tainted": false
                    },
                    "deposed": [],
                    "provider": "provider.azurerm"
                },
                "azurerm_virtual_machine_extension.saltmaster": {
                    "type": "azurerm_virtual_machine_extension",
                    "depends_on": [
                        "azurerm_resource_group.myterraformgroup",
                        "azurerm_virtual_machine.saltmaster"
                    ],
                    "primary": {
                        "id": "/subscriptions/a839f6e7-cbc3-45cf-825f-86e948300bb0/resourceGroups/myResourceGroup/providers/Microsoft.Compute/virtualMachines/saltmaster/extensions/saltmaster",
                        "attributes": {
                            "auto_upgrade_minor_version": "false",
                            "id": "/subscriptions/a839f6e7-cbc3-45cf-825f-86e948300bb0/resourceGroups/myResourceGroup/providers/Microsoft.Compute/virtualMachines/saltmaster/extensions/saltmaster",
                            "location": "northeurope",
                            "name": "saltmaster",
                            "publisher": "Microsoft.Azure.Extensions",
                            "resource_group_name": "myResourceGroup",
                            "settings": "{\"commandToExecute\":\"sudo yum install -y git \\u0026\\u0026 sudo git clone https://github.com/jorisdejosselin/salt_cloud.git /srv/salt/  \\u0026\\u0026 sudo curl -L https://bootstrap.saltstack.com -o install_salt.sh \\u0026\\u0026 sudo sh install_salt.sh -P -M -L\"}",
                            "tags.%": "1",
                            "tags.environment": "Terraform Demo",
                            "type": "CustomScript",
                            "type_handler_version": "2.0",
                            "virtual_machine_name": "saltmaster"
                        },
                        "meta": {},
                        "tainted": false
                    },
                    "deposed": [],
                    "provider": "provider.azurerm"
                },
                "azurerm_virtual_network.myterraformnetwork": {
                    "type": "azurerm_virtual_network",
                    "depends_on": [
                        "azurerm_resource_group.myterraformgroup"
                    ],
                    "primary": {
                        "id": "/subscriptions/a839f6e7-cbc3-45cf-825f-86e948300bb0/resourceGroups/myResourceGroup/providers/Microsoft.Network/virtualNetworks/myVnet",
                        "attributes": {
                            "address_space.#": "1",
                            "address_space.0": "10.0.0.0/16",
                            "ddos_protection_plan.#": "0",
                            "dns_servers.#": "0",
                            "id": "/subscriptions/a839f6e7-cbc3-45cf-825f-86e948300bb0/resourceGroups/myResourceGroup/providers/Microsoft.Network/virtualNetworks/myVnet",
                            "location": "northeurope",
                            "name": "myVnet",
                            "resource_group_name": "myResourceGroup",
                            "subnet.#": "0",
                            "tags.%": "1",
                            "tags.environment": "Terraform Demo"
                        },
                        "meta": {},
                        "tainted": false
                    },
                    "deposed": [],
                    "provider": "provider.azurerm"
                },
                "random_id.randomId": {
                    "type": "random_id",
                    "depends_on": [
                        "azurerm_resource_group.myterraformgroup"
                    ],
                    "primary": {
                        "id": "dyWNHvAShUk",
                        "attributes": {
                            "b64": "dyWNHvAShUk",
                            "b64_std": "dyWNHvAShUk=",
                            "b64_url": "dyWNHvAShUk",
                            "byte_length": "8",
                            "dec": "8585423428667999561",
                            "hex": "77258d1ef0128549",
                            "id": "dyWNHvAShUk",
                            "keepers.%": "1",
                            "keepers.resource_group": "myResourceGroup"
                        },
                        "meta": {},
                        "tainted": false
                    },
                    "deposed": [],
                    "provider": "provider.random"
                }
            },
            "depends_on": []
        }
    ]
}
